
Microsoft Visual Studio Solution File, Format Version 12.00
Project("{FAE04EC0-301F-11D3-BF4B-00C04F79EFBC}") = "DDD-Repository-GraphQL-API", "DDD-Repository-GraphQL-API\DDD-Repository-GraphQL-API.csproj", "{5282075E-3984-4CB4-9A7E-1DF90B53299A}"
EndProject
Global
	GlobalSection(SolutionConfigurationPlatforms) = preSolution
		Debug|Any CPU = Debug|Any CPU
		Release|Any CPU = Release|Any CPU
	EndGlobalSection
	GlobalSection(ProjectConfigurationPlatforms) = postSolution
		{5282075E-3984-4CB4-9A7E-1DF90B53299A}.Debug|Any CPU.ActiveCfg = Debug|Any CPU
		{5282075E-3984-4CB4-9A7E-1DF90B53299A}.Debug|Any CPU.Build.0 = Debug|Any CPU
		{5282075E-3984-4CB4-9A7E-1DF90B53299A}.Release|Any CPU.ActiveCfg = Release|Any CPU
		{5282075E-3984-4CB4-9A7E-1DF90B53299A}.Release|Any CPU.Build.0 = Release|Any CPU
	EndGlobalSection
EndGlobal
